
Microsoft Visual Studio Solution File, Format Version 12.00
# Visual Studio Version 16
VisualStudioVersion = 16.0.31402.337
MinimumVisualStudioVersion = 10.0.40219.1
Project("{9A19103F-16F7-4668-BE54-9A1E7A4F7556}") = "API", "API\API.csproj", "{05ABE43A-1EE2-4670-A052-65C0B7EE824E}"
EndProject
Project("{9A19103F-16F7-4668-BE54-9A1E7A4F7556}") = "Common", "Common\Common.csproj", "{FDF0BFF1-A3FB-48D8-8D83-5D5D5B2BF60B}"
EndProject
Project("{9A19103F-16F7-4668-BE54-9A1E7A4F7556}") = "DAL", "DAL\DAL.csproj", "{9FDC427D-8866-4FC1-8F1D-C646A8AB7FE4}"
EndProject
Project("{9A19103F-16F7-4668-BE54-9A1E7A4F7556}") = "BLL", "BLL\BLL.csproj", "{DF14D91C-2D1B-485C-ABFE-77A41CDEBDBA}"
EndProject
Project("{9A19103F-16F7-4668-BE54-9A1E7A4F7556}") = "Entities", "Entities\Entities.csproj", "{F26030EC-4471-429A-8052-528EA08DFD23}"
EndProject
Project("{FAE04EC0-301F-11D3-BF4B-00C04F79EFBC}") = "RedisUpdate", "RedisUpdate\RedisUpdate.csproj", "{2D001952-849D-44FA-9F3F-C71A740378F8}"
EndProject
Global
	GlobalSection(SolutionConfigurationPlatforms) = preSolution
		Debug|Any CPU = Debug|Any CPU
		Release|Any CPU = Release|Any CPU
	EndGlobalSection
	GlobalSection(ProjectConfigurationPlatforms) = postSolution
		{05ABE43A-1EE2-4670-A052-65C0B7EE824E}.Debug|Any CPU.ActiveCfg = Debug|Any CPU
		{05ABE43A-1EE2-4670-A052-65C0B7EE824E}.Debug|Any CPU.Build.0 = Debug|Any CPU
		{05ABE43A-1EE2-4670-A052-65C0B7EE824E}.Release|Any CPU.ActiveCfg = Release|Any CPU
		{05ABE43A-1EE2-4670-A052-65C0B7EE824E}.Release|Any CPU.Build.0 = Release|Any CPU
		{FDF0BFF1-A3FB-48D8-8D83-5D5D5B2BF60B}.Debug|Any CPU.ActiveCfg = Debug|Any CPU
		{FDF0BFF1-A3FB-48D8-8D83-5D5D5B2BF60B}.Debug|Any CPU.Build.0 = Debug|Any CPU
		{FDF0BFF1-A3FB-48D8-8D83-5D5D5B2BF60B}.Release|Any CPU.ActiveCfg = Release|Any CPU
		{FDF0BFF1-A3FB-48D8-8D83-5D5D5B2BF60B}.Release|Any CPU.Build.0 = Release|Any CPU
		{9FDC427D-8866-4FC1-8F1D-C646A8AB7FE4}.Debug|Any CPU.ActiveCfg = Debug|Any CPU
		{9FDC427D-8866-4FC1-8F1D-C646A8AB7FE4}.Debug|Any CPU.Build.0 = Debug|Any CPU
		{9FDC427D-8866-4FC1-8F1D-C646A8AB7FE4}.Release|Any CPU.ActiveCfg = Release|Any CPU
		{9FDC427D-8866-4FC1-8F1D-C646A8AB7FE4}.Release|Any CPU.Build.0 = Release|Any CPU
		{DF14D91C-2D1B-485C-ABFE-77A41CDEBDBA}.Debug|Any CPU.ActiveCfg = Debug|Any CPU
		{DF14D91C-2D1B-485C-ABFE-77A41CDEBDBA}.Debug|Any CPU.Build.0 = Debug|Any CPU
		{DF14D91C-2D1B-485C-ABFE-77A41CDEBDBA}.Release|Any CPU.ActiveCfg = Release|Any CPU
		{DF14D91C-2D1B-485C-ABFE-77A41CDEBDBA}.Release|Any CPU.Build.0 = Release|Any CPU
		{F26030EC-4471-429A-8052-528EA08DFD23}.Debug|Any CPU.ActiveCfg = Debug|Any CPU
		{F26030EC-4471-429A-8052-528EA08DFD23}.Debug|Any CPU.Build.0 = Debug|Any CPU
		{F26030EC-4471-429A-8052-528EA08DFD23}.Release|Any CPU.ActiveCfg = Release|Any CPU
		{F26030EC-4471-429A-8052-528EA08DFD23}.Release|Any CPU.Build.0 = Release|Any CPU
		{2D001952-849D-44FA-9F3F-C71A740378F8}.Debug|Any CPU.ActiveCfg = Debug|Any CPU
		{2D001952-849D-44FA-9F3F-C71A740378F8}.Debug|Any CPU.Build.0 = Debug|Any CPU
		{2D001952-849D-44FA-9F3F-C71A740378F8}.Release|Any CPU.ActiveCfg = Release|Any CPU
		{2D001952-849D-44FA-9F3F-C71A740378F8}.Release|Any CPU.Build.0 = Release|Any CPU
	EndGlobalSection
	GlobalSection(SolutionProperties) = preSolution
		HideSolutionNode = FALSE
	EndGlobalSection
	GlobalSection(ExtensibilityGlobals) = postSolution
		SolutionGuid = {E2116496-BD5E-4F33-9E63-DDBE4D6BFBDC}
	EndGlobalSection
EndGlobal
